// !$*UTF8*$!
{
	archiveVersion = 1;
	classes = {
	};
	objectVersion = 54;
	objects = {

/* Begin PBXBuildFile section */
		078B95F94EA08F5933D23FC5 /* Pods_DFT.framework in Frameworks */ = {isa = PBXBuildFile; fileRef = D9BBD451013DC9EFCA78B2B5 /* Pods_DFT.framework */; };
		CA7E2BE5270B6C7400832E69 /* Constants.swift in Sources */ = {isa = PBXBuildFile; fileRef = CA7E2BE4270B6C7400832E69 /* Constants.swift */; };
		CAA17F5F2722DEFC00E61E1B /* Spectrum.swift in Sources */ = {isa = PBXBuildFile; fileRef = CAA17F5E2722DEFC00E61E1B /* Spectrum.swift */; };
		CAA17F612722E0EC00E61E1B /* FourierOutput.swift in Sources */ = {isa = PBXBuildFile; fileRef = CAA17F602722E0EC00E61E1B /* FourierOutput.swift */; };
		CAAB659B27243CE5006034C3 /* NSFilterRadioButton.swift in Sources */ = {isa = PBXBuildFile; fileRef = CAAB659A27243CE5006034C3 /* NSFilterRadioButton.swift */; };
		CAAB659E27243E8D006034C3 /* NSViewController+Extensions.swift in Sources */ = {isa = PBXBuildFile; fileRef = CAAB659D27243E8D006034C3 /* NSViewController+Extensions.swift */; };
		CAAB65A027243F3C006034C3 /* NSSignalRadioButton.swift in Sources */ = {isa = PBXBuildFile; fileRef = CAAB659F27243F3C006034C3 /* NSSignalRadioButton.swift */; };
		CABD29C5271C957000F61ADB /* FourierService.swift in Sources */ = {isa = PBXBuildFile; fileRef = CABD29C4271C957000F61ADB /* FourierService.swift */; };
		CADBA30F272354C300FA7597 /* Signal.swift in Sources */ = {isa = PBXBuildFile; fileRef = CADBA30E272354C300FA7597 /* Signal.swift */; };
		CADBA311272354CF00FA7597 /* PolyharmonicSignal.swift in Sources */ = {isa = PBXBuildFile; fileRef = CADBA310272354CF00FA7597 /* PolyharmonicSignal.swift */; };
		CADBA3142723710D00FA7597 /* SignalRecognizer.swift in Sources */ = {isa = PBXBuildFile; fileRef = CADBA3132723710D00FA7597 /* SignalRecognizer.swift */; };
		CAE9B9A6270E2CD000ABF51E /* Array+Extensions.swift in Sources */ = {isa = PBXBuildFile; fileRef = CAE9B9A5270E2CD000ABF51E /* Array+Extensions.swift */; };
		CAED7A5E2709EF10004D7B02 /* AppDelegate.swift in Sources */ = {isa = PBXBuildFile; fileRef = CAED7A5D2709EF10004D7B02 /* AppDelegate.swift */; };
		CAED7A602709EF10004D7B02 /* ViewController.swift in Sources */ = {isa = PBXBuildFile; fileRef = CAED7A5F2709EF10004D7B02 /* ViewController.swift */; };
		CAED7A622709EF11004D7B02 /* Assets.xcassets in Resources */ = {isa = PBXBuildFile; fileRef = CAED7A612709EF11004D7B02 /* Assets.xcassets */; };
		CAED7A652709EF11004D7B02 /* Main.storyboard in Resources */ = {isa = PBXBuildFile; fileRef = CAED7A632709EF11004D7B02 /* Main.storyboard */; };
		CAED7A722709F44D004D7B02 /* Fourier.swift in Sources */ = {isa = PBXBuildFile; fileRef = CAED7A712709F44D004D7B02 /* Fourier.swift */; };
/* End PBXBuildFile section */

/* Begin PBXFileReference section */
		01BEFE04EAB415623E8799E9 /* Pods-DFT.release.xcconfig */ = {isa = PBXFileReference; includeInIndex = 1; lastKnownFileType = text.xcconfig; name = "Pods-DFT.release.xcconfig"; path = "Target Support Files/Pods-DFT/Pods-DFT.release.xcconfig"; sourceTree = "<group>"; };
		3E636064E0C782194761697C /* Pods-DFT.debug.xcconfig */ = {isa = PBXFileReference; includeInIndex = 1; lastKnownFileType = text.xcconfig; name = "Pods-DFT.debug.xcconfig"; path = "Target Support Files/Pods-DFT/Pods-DFT.debug.xcconfig"; sourceTree = "<group>"; };
		CA7E2BE4270B6C7400832E69 /* Constants.swift */ = {isa = PBXFileReference; fileEncoding = 4; lastKnownFileType = sourcecode.swift; path = Constants.swift; sourceTree = "<group>"; };
		CAA17F5E2722DEFC00E61E1B /* Spectrum.swift */ = {isa = PBXFileReference; lastKnownFileType = sourcecode.swift; path = Spectrum.swift; sourceTree = "<group>"; };
		CAA17F602722E0EC00E61E1B /* FourierOutput.swift */ = {isa = PBXFileReference; lastKnownFileType = sourcecode.swift; path = FourierOutput.swift; sourceTree = "<group>"; };
		CAAB659A27243CE5006034C3 /* NSFilterRadioButton.swift */ = {isa = PBXFileReference; lastKnownFileType = sourcecode.swift; path = NSFilterRadioButton.swift; sourceTree = "<group>"; };
		CAAB659D27243E8D006034C3 /* NSViewController+Extensions.swift */ = {isa = PBXFileReference; fileEncoding = 4; lastKnownFileType = sourcecode.swift; path = "NSViewController+Extensions.swift"; sourceTree = "<group>"; };
		CAAB659F27243F3C006034C3 /* NSSignalRadioButton.swift */ = {isa = PBXFileReference; lastKnownFileType = sourcecode.swift; path = NSSignalRadioButton.swift; sourceTree = "<group>"; };
		CABD29C4271C957000F61ADB /* FourierService.swift */ = {isa = PBXFileReference; lastKnownFileType = sourcecode.swift; path = FourierService.swift; sourceTree = "<group>"; };
		CADBA30E272354C300FA7597 /* Signal.swift */ = {isa = PBXFileReference; lastKnownFileType = sourcecode.swift; path = Signal.swift; sourceTree = "<group>"; };
		CADBA310272354CF00FA7597 /* PolyharmonicSignal.swift */ = {isa = PBXFileReference; lastKnownFileType = sourcecode.swift; path = PolyharmonicSignal.swift; sourceTree = "<group>"; };
		CADBA3132723710D00FA7597 /* SignalRecognizer.swift */ = {isa = PBXFileReference; fileEncoding = 4; lastKnownFileType = sourcecode.swift; path = SignalRecognizer.swift; sourceTree = "<group>"; };
		CAE9B9A5270E2CD000ABF51E /* Array+Extensions.swift */ = {isa = PBXFileReference; lastKnownFileType = sourcecode.swift; path = "Array+Extensions.swift"; sourceTree = "<group>"; };
		CAED7A5A2709EF10004D7B02 /* DFT.app */ = {isa = PBXFileReference; explicitFileType = wrapper.application; includeInIndex = 0; path = DFT.app; sourceTree = BUILT_PRODUCTS_DIR; };
		CAED7A5D2709EF10004D7B02 /* AppDelegate.swift */ = {isa = PBXFileReference; lastKnownFileType = sourcecode.swift; path = AppDelegate.swift; sourceTree = "<group>"; };
		CAED7A5F2709EF10004D7B02 /* ViewController.swift */ = {isa = PBXFileReference; lastKnownFileType = sourcecode.swift; path = ViewController.swift; sourceTree = "<group>"; };
		CAED7A612709EF11004D7B02 /* Assets.xcassets */ = {isa = PBXFileReference; lastKnownFileType = folder.assetcatalog; path = Assets.xcassets; sourceTree = "<group>"; };
		CAED7A642709EF11004D7B02 /* Base */ = {isa = PBXFileReference; lastKnownFileType = file.storyboard; name = Base; path = Base.lproj/Main.storyboard; sourceTree = "<group>"; };
		CAED7A662709EF11004D7B02 /* DFT.entitlements */ = {isa = PBXFileReference; lastKnownFileType = text.plist.entitlements; path = DFT.entitlements; sourceTree = "<group>"; };
		CAED7A712709F44D004D7B02 /* Fourier.swift */ = {isa = PBXFileReference; lastKnownFileType = sourcecode.swift; path = Fourier.swift; sourceTree = "<group>"; };
		D9BBD451013DC9EFCA78B2B5 /* Pods_DFT.framework */ = {isa = PBXFileReference; explicitFileType = wrapper.framework; includeInIndex = 0; path = Pods_DFT.framework; sourceTree = BUILT_PRODUCTS_DIR; };
/* End PBXFileReference section */

/* Begin PBXFrameworksBuildPhase section */
		CAED7A572709EF10004D7B02 /* Frameworks */ = {
			isa = PBXFrameworksBuildPhase;
			buildActionMask = 2147483647;
			files = (
				078B95F94EA08F5933D23FC5 /* Pods_DFT.framework in Frameworks */,
			);
			runOnlyForDeploymentPostprocessing = 0;
		};
/* End PBXFrameworksBuildPhase section */

/* Begin PBXGroup section */
		4332EA5428CF96D1DB6F3159 /* Pods */ = {
			isa = PBXGroup;
			children = (
				3E636064E0C782194761697C /* Pods-DFT.debug.xcconfig */,
				01BEFE04EAB415623E8799E9 /* Pods-DFT.release.xcconfig */,
			);
			path = Pods;
			sourceTree = "<group>";
		};
		CAAB659927243CD5006034C3 /* Components */ = {
			isa = PBXGroup;
			children = (
				CAAB659A27243CE5006034C3 /* NSFilterRadioButton.swift */,
				CAAB659F27243F3C006034C3 /* NSSignalRadioButton.swift */,
			);
			path = Components;
			sourceTree = "<group>";
		};
		CABD29C3271C954700F61ADB /* Service */ = {
			isa = PBXGroup;
			children = (
				CADBA3132723710D00FA7597 /* SignalRecognizer.swift */,
				CABD29C4271C957000F61ADB /* FourierService.swift */,
			);
			path = Service;
			sourceTree = "<group>";
		};
		CADBA30D272354B400FA7597 /* Signal */ = {
			isa = PBXGroup;
			children = (
				CADBA30E272354C300FA7597 /* Signal.swift */,
				CADBA310272354CF00FA7597 /* PolyharmonicSignal.swift */,
			);
			path = Signal;
			sourceTree = "<group>";
		};
		CADBA31227235C7700FA7597 /* Fourier */ = {
			isa = PBXGroup;
			children = (
				CAA17F5E2722DEFC00E61E1B /* Spectrum.swift */,
				CAED7A712709F44D004D7B02 /* Fourier.swift */,
				CAA17F602722E0EC00E61E1B /* FourierOutput.swift */,
			);
			path = Fourier;
			sourceTree = "<group>";
		};
		CAE9B9A4270E2CC100ABF51E /* Extensions */ = {
			isa = PBXGroup;
			children = (
				CAAB659D27243E8D006034C3 /* NSViewController+Extensions.swift */,
				CAE9B9A5270E2CD000ABF51E /* Array+Extensions.swift */,
			);
			path = Extensions;
			sourceTree = "<group>";
		};
		CAED7A512709EF10004D7B02 = {
			isa = PBXGroup;
			children = (
				CAED7A5C2709EF10004D7B02 /* DFT */,
				CAED7A5B2709EF10004D7B02 /* Products */,
				4332EA5428CF96D1DB6F3159 /* Pods */,
				EE0BA4DF610424547D8F4CFA /* Frameworks */,
			);
			sourceTree = "<group>";
		};
		CAED7A5B2709EF10004D7B02 /* Products */ = {
			isa = PBXGroup;
			children = (
				CAED7A5A2709EF10004D7B02 /* DFT.app */,
			);
			name = Products;
			sourceTree = "<group>";
		};
		CAED7A5C2709EF10004D7B02 /* DFT */ = {
			isa = PBXGroup;
			children = (
				CAAB659927243CD5006034C3 /* Components */,
				CABD29C3271C954700F61ADB /* Service */,
				CAE9B9A4270E2CC100ABF51E /* Extensions */,
				CAED7A702709F440004D7B02 /* Model */,
				CAED7A6D2709EF20004D7B02 /* View Controllers */,
				CAED7A6C2709EF1A004D7B02 /* Views */,
				CAED7A6F2709EF31004D7B02 /* Resources */,
				CAED7A6E2709EF28004D7B02 /* Supporting Files */,
			);
			path = DFT;
			sourceTree = "<group>";
		};
		CAED7A6C2709EF1A004D7B02 /* Views */ = {
			isa = PBXGroup;
			children = (
				CAED7A632709EF11004D7B02 /* Main.storyboard */,
			);
			path = Views;
			sourceTree = "<group>";
		};
		CAED7A6D2709EF20004D7B02 /* View Controllers */ = {
			isa = PBXGroup;
			children = (
				CAED7A5F2709EF10004D7B02 /* ViewController.swift */,
			);
			path = "View Controllers";
			sourceTree = "<group>";
		};
		CAED7A6E2709EF28004D7B02 /* Supporting Files */ = {
			isa = PBXGroup;
			children = (
				CAED7A662709EF11004D7B02 /* DFT.entitlements */,
				CAED7A5D2709EF10004D7B02 /* AppDelegate.swift */,
			);
			path = "Supporting Files";
			sourceTree = "<group>";
		};
		CAED7A6F2709EF31004D7B02 /* Resources */ = {
			isa = PBXGroup;
			children = (
				CAED7A612709EF11004D7B02 /* Assets.xcassets */,
			);
			path = Resources;
			sourceTree = "<group>";
		};
		CAED7A702709F440004D7B02 /* Model */ = {
			isa = PBXGroup;
			children = (
				CADBA31227235C7700FA7597 /* Fourier */,
				CADBA30D272354B400FA7597 /* Signal */,
				CA7E2BE4270B6C7400832E69 /* Constants.swift */,
			);
			path = Model;
			sourceTree = "<group>";
		};
		EE0BA4DF610424547D8F4CFA /* Frameworks */ = {
			isa = PBXGroup;
			children = (
				D9BBD451013DC9EFCA78B2B5 /* Pods_DFT.framework */,
			);
			name = Frameworks;
			sourceTree = "<group>";
		};
/* End PBXGroup section */

/* Begin PBXNativeTarget section */
		CAED7A592709EF10004D7B02 /* DFT */ = {
			isa = PBXNativeTarget;
			buildConfigurationList = CAED7A692709EF11004D7B02 /* Build configuration list for PBXNativeTarget "DFT" */;
			buildPhases = (
				17AFF7CD807FF606BF6DC89C /* [CP] Check Pods Manifest.lock */,
				CAED7A562709EF10004D7B02 /* Sources */,
				CAED7A572709EF10004D7B02 /* Frameworks */,
				CAED7A582709EF10004D7B02 /* Resources */,
				C4CE34B14F49EFF704BECFA9 /* [CP] Embed Pods Frameworks */,
			);
			buildRules = (
			);
			dependencies = (
			);
			name = DFT;
			productName = DFT;
			productReference = CAED7A5A2709EF10004D7B02 /* DFT.app */;
			productType = "com.apple.product-type.application";
		};
/* End PBXNativeTarget section */

/* Begin PBXProject section */
		CAED7A522709EF10004D7B02 /* Project object */ = {
			isa = PBXProject;
			attributes = {
				BuildIndependentTargetsInParallel = 1;
				LastSwiftUpdateCheck = 1300;
				LastUpgradeCheck = 1300;
				TargetAttributes = {
					CAED7A592709EF10004D7B02 = {
						CreatedOnToolsVersion = 13.0;
					};
				};
			};
			buildConfigurationList = CAED7A552709EF10004D7B02 /* Build configuration list for PBXProject "DFT" */;
			compatibilityVersion = "Xcode 12.0";
			developmentRegion = en;
			hasScannedForEncodings = 0;
			knownRegions = (
				en,
				Base,
			);
			mainGroup = CAED7A512709EF10004D7B02;
			productRefGroup = CAED7A5B2709EF10004D7B02 /* Products */;
			projectDirPath = "";
			projectRoot = "";
			targets = (
				CAED7A592709EF10004D7B02 /* DFT */,
			);
		};
/* End PBXProject section */

/* Begin PBXResourcesBuildPhase section */
		CAED7A582709EF10004D7B02 /* Resources */ = {
			isa = PBXResourcesBuildPhase;
			buildActionMask = 2147483647;
			files = (
				CAED7A622709EF11004D7B02 /* Assets.xcassets in Resources */,
				CAED7A652709EF11004D7B02 /* Main.storyboard in Resources */,
			);
			runOnlyForDeploymentPostprocessing = 0;
		};
/* End PBXResourcesBuildPhase section */

/* Begin PBXShellScriptBuildPhase section */
		17AFF7CD807FF606BF6DC89C /* [CP] Check Pods Manifest.lock */ = {
			isa = PBXShellScriptBuildPhase;
			buildActionMask = 2147483647;
			files = (
			);
			inputFileListPaths = (
			);
			inputPaths = (
				"${PODS_PODFILE_DIR_PATH}/Podfile.lock",
				"${PODS_ROOT}/Manifest.lock",
			);
			name = "[CP] Check Pods Manifest.lock";
			outputFileListPaths = (
			);
			outputPaths = (
				"$(DERIVED_FILE_DIR)/Pods-DFT-checkManifestLockResult.txt",
			);
			runOnlyForDeploymentPostprocessing = 0;
			shellPath = /bin/sh;
			shellScript = "diff \"${PODS_PODFILE_DIR_PATH}/Podfile.lock\" \"${PODS_ROOT}/Manifest.lock\" > /dev/null\nif [ $? != 0 ] ; then\n    # print error to STDERR\n    echo \"error: The sandbox is not in sync with the Podfile.lock. Run 'pod install' or update your CocoaPods installation.\" >&2\n    exit 1\nfi\n# This output is used by Xcode 'outputs' to avoid re-running this script phase.\necho \"SUCCESS\" > \"${SCRIPT_OUTPUT_FILE_0}\"\n";
			showEnvVarsInLog = 0;
		};
		C4CE34B14F49EFF704BECFA9 /* [CP] Embed Pods Frameworks */ = {
			isa = PBXShellScriptBuildPhase;
			buildActionMask = 2147483647;
			files = (
			);
			inputFileListPaths = (
				"${PODS_ROOT}/Target Support Files/Pods-DFT/Pods-DFT-frameworks-${CONFIGURATION}-input-files.xcfilelist",
			);
			name = "[CP] Embed Pods Frameworks";
			outputFileListPaths = (
				"${PODS_ROOT}/Target Support Files/Pods-DFT/Pods-DFT-frameworks-${CONFIGURATION}-output-files.xcfilelist",
			);
			runOnlyForDeploymentPostprocessing = 0;
			shellPath = /bin/sh;
			shellScript = "\"${PODS_ROOT}/Target Support Files/Pods-DFT/Pods-DFT-frameworks.sh\"\n";
			showEnvVarsInLog = 0;
		};
/* End PBXShellScriptBuildPhase section */

/* Begin PBXSourcesBuildPhase section */
		CAED7A562709EF10004D7B02 /* Sources */ = {
			isa = PBXSourcesBuildPhase;
			buildActionMask = 2147483647;
			files = (
				CAED7A722709F44D004D7B02 /* Fourier.swift in Sources */,
				CAAB659E27243E8D006034C3 /* NSViewController+Extensions.swift in Sources */,
				CABD29C5271C957000F61ADB /* FourierService.swift in Sources */,
				CAAB659B27243CE5006034C3 /* NSFilterRadioButton.swift in Sources */,
				CAE9B9A6270E2CD000ABF51E /* Array+Extensions.swift in Sources */,
				CAA17F612722E0EC00E61E1B /* FourierOutput.swift in Sources */,
				CAAB65A027243F3C006034C3 /* NSSignalRadioButton.swift in Sources */,
				CADBA311272354CF00FA7597 /* PolyharmonicSignal.swift in Sources */,
				CADBA30F272354C300FA7597 /* Signal.swift in Sources */,
				CAA17F5F2722DEFC00E61E1B /* Spectrum.swift in Sources */,
				CAED7A602709EF10004D7B02 /* ViewController.swift in Sources */,
				CAED7A5E2709EF10004D7B02 /* AppDelegate.swift in Sources */,
				CADBA3142723710D00FA7597 /* SignalRecognizer.swift in Sources */,
				CA7E2BE5270B6C7400832E69 /* Constants.swift in Sources */,
			);
			runOnlyForDeploymentPostprocessing = 0;
		};
/* End PBXSourcesBuildPhase section */

/* Begin PBXVariantGroup section */
		CAED7A632709EF11004D7B02 /* Main.storyboard */ = {
			isa = PBXVariantGroup;
			children = (
				CAED7A642709EF11004D7B02 /* Base */,
			);
			name = Main.storyboard;
			sourceTree = "<group>";
		};
/* End PBXVariantGroup section */

/* Begin XCBuildConfiguration section */
		CAED7A672709EF11004D7B02 /* Debug */ = {
			isa = XCBuildConfiguration;
			buildSettings = {
				ALWAYS_SEARCH_USER_PATHS = NO;
				CLANG_ANALYZER_NONNULL = YES;
				CLANG_ANALYZER_NUMBER_OBJECT_CONVERSION = YES_AGGRESSIVE;
				CLANG_CXX_LANGUAGE_STANDARD = "gnu++17";
				CLANG_CXX_LIBRARY = "libc++";
				CLANG_ENABLE_MODULES = YES;
				CLANG_ENABLE_OBJC_ARC = YES;
				CLANG_ENABLE_OBJC_WEAK = YES;
				CLANG_WARN_BLOCK_CAPTURE_AUTORELEASING = YES;
				CLANG_WARN_BOOL_CONVERSION = YES;
				CLANG_WARN_COMMA = YES;
				CLANG_WARN_CONSTANT_CONVERSION = YES;
				CLANG_WARN_DEPRECATED_OBJC_IMPLEMENTATIONS = YES;
				CLANG_WARN_DIRECT_OBJC_ISA_USAGE = YES_ERROR;
				CLANG_WARN_DOCUMENTATION_COMMENTS = YES;
				CLANG_WARN_EMPTY_BODY = YES;
				CLANG_WARN_ENUM_CONVERSION = YES;
				CLANG_WARN_INFINITE_RECURSION = YES;
				CLANG_WARN_INT_CONVERSION = YES;
				CLANG_WARN_NON_LITERAL_NULL_CONVERSION = YES;
				CLANG_WARN_OBJC_IMPLICIT_RETAIN_SELF = YES;
				CLANG_WARN_OBJC_LITERAL_CONVERSION = YES;
				CLANG_WARN_OBJC_ROOT_CLASS = YES_ERROR;
				CLANG_WARN_QUOTED_INCLUDE_IN_FRAMEWORK_HEADER = YES;
				CLANG_WARN_RANGE_LOOP_ANALYSIS = YES;
				CLANG_WARN_STRICT_PROTOTYPES = YES;
				CLANG_WARN_SUSPICIOUS_MOVE = YES;
				CLANG_WARN_UNGUARDED_AVAILABILITY = YES_AGGRESSIVE;
				CLANG_WARN_UNREACHABLE_CODE = YES;
				CLANG_WARN__DUPLICATE_METHOD_MATCH = YES;
				COPY_PHASE_STRIP = NO;
				DEBUG_INFORMATION_FORMAT = dwarf;
				ENABLE_STRICT_OBJC_MSGSEND = YES;
				ENABLE_TESTABILITY = YES;
				GCC_C_LANGUAGE_STANDARD = gnu11;
				GCC_DYNAMIC_NO_PIC = NO;
				GCC_NO_COMMON_BLOCKS = YES;
				GCC_OPTIMIZATION_LEVEL = 0;
				GCC_PREPROCESSOR_DEFINITIONS = (
					"DEBUG=1",
					"$(inherited)",
				);
				GCC_WARN_64_TO_32_BIT_CONVERSION = YES;
				GCC_WARN_ABOUT_RETURN_TYPE = YES_ERROR;
				GCC_WARN_UNDECLARED_SELECTOR = YES;
				GCC_WARN_UNINITIALIZED_AUTOS = YES_AGGRESSIVE;
				GCC_WARN_UNUSED_FUNCTION = YES;
				GCC_WARN_UNUSED_VARIABLE = YES;
				MACOSX_DEPLOYMENT_TARGET = 11.3;
				MTL_ENABLE_DEBUG_INFO = INCLUDE_SOURCE;
				MTL_FAST_MATH = YES;
				ONLY_ACTIVE_ARCH = YES;
				SDKROOT = macosx;
				SWIFT_ACTIVE_COMPILATION_CONDITIONS = DEBUG;
				SWIFT_OPTIMIZATION_LEVEL = "-Onone";
			};
			name = Debug;
		};
		CAED7A682709EF11004D7B02 /* Release */ = {
			isa = XCBuildConfiguration;
			buildSettings = {
				ALWAYS_SEARCH_USER_PATHS = NO;
				CLANG_ANALYZER_NONNULL = YES;
				CLANG_ANALYZER_NUMBER_OBJECT_CONVERSION = YES_AGGRESSIVE;
				CLANG_CXX_LANGUAGE_STANDARD = "gnu++17";
				CLANG_CXX_LIBRARY = "libc++";
				CLANG_ENABLE_MODULES = YES;
				CLANG_ENABLE_OBJC_ARC = YES;
				CLANG_ENABLE_OBJC_WEAK = YES;
				CLANG_WARN_BLOCK_CAPTURE_AUTORELEASING = YES;
				CLANG_WARN_BOOL_CONVERSION = YES;
				CLANG_WARN_COMMA = YES;
				CLANG_WARN_CONSTANT_CONVERSION = YES;
				CLANG_WARN_DEPRECATED_OBJC_IMPLEMENTATIONS = YES;
				CLANG_WARN_DIRECT_OBJC_ISA_USAGE = YES_ERROR;
				CLANG_WARN_DOCUMENTATION_COMMENTS = YES;
				CLANG_WARN_EMPTY_BODY = YES;
				CLANG_WARN_ENUM_CONVERSION = YES;
				CLANG_WARN_INFINITE_RECURSION = YES;
				CLANG_WARN_INT_CONVERSION = YES;
				CLANG_WARN_NON_LITERAL_NULL_CONVERSION = YES;
				CLANG_WARN_OBJC_IMPLICIT_RETAIN_SELF = YES;
				CLANG_WARN_OBJC_LITERAL_CONVERSION = YES;
				CLANG_WARN_OBJC_ROOT_CLASS = YES_ERROR;
				CLANG_WARN_QUOTED_INCLUDE_IN_FRAMEWORK_HEADER = YES;
				CLANG_WARN_RANGE_LOOP_ANALYSIS = YES;
				CLANG_WARN_STRICT_PROTOTYPES = YES;
				CLANG_WARN_SUSPICIOUS_MOVE = YES;
				CLANG_WARN_UNGUARDED_AVAILABILITY = YES_AGGRESSIVE;
				CLANG_WARN_UNREACHABLE_CODE = YES;
				CLANG_WARN__DUPLICATE_METHOD_MATCH = YES;
				COPY_PHASE_STRIP = NO;
				DEBUG_INFORMATION_FORMAT = "dwarf-with-dsym";
				ENABLE_NS_ASSERTIONS = NO;
				ENABLE_STRICT_OBJC_MSGSEND = YES;
				GCC_C_LANGUAGE_STANDARD = gnu11;
				GCC_NO_COMMON_BLOCKS = YES;
				GCC_WARN_64_TO_32_BIT_CONVERSION = YES;
				GCC_WARN_ABOUT_RETURN_TYPE = YES_ERROR;
				GCC_WARN_UNDECLARED_SELECTOR = YES;
				GCC_WARN_UNINITIALIZED_AUTOS = YES_AGGRESSIVE;
				GCC_WARN_UNUSED_FUNCTION = YES;
				GCC_WARN_UNUSED_VARIABLE = YES;
				MACOSX_DEPLOYMENT_TARGET = 11.3;
				MTL_ENABLE_DEBUG_INFO = NO;
				MTL_FAST_MATH = YES;
				SDKROOT = macosx;
				SWIFT_COMPILATION_MODE = wholemodule;
				SWIFT_OPTIMIZATION_LEVEL = "-O";
			};
			name = Release;
		};
		CAED7A6A2709EF11004D7B02 /* Debug */ = {
			isa = XCBuildConfiguration;
			baseConfigurationReference = 3E636064E0C782194761697C /* Pods-DFT.debug.xcconfig */;
			buildSettings = {
				ASSETCATALOG_COMPILER_APPICON_NAME = AppIcon;
				ASSETCATALOG_COMPILER_GLOBAL_ACCENT_COLOR_NAME = AccentColor;
				CODE_SIGN_ENTITLEMENTS = "DFT/Supporting Files/DFT.entitlements";
				CODE_SIGN_STYLE = Automatic;
				COMBINE_HIDPI_IMAGES = YES;
				CURRENT_PROJECT_VERSION = 1;
				DEVELOPMENT_TEAM = GX6R5HS8S3;
				ENABLE_HARDENED_RUNTIME = YES;
				GENERATE_INFOPLIST_FILE = YES;
				INFOPLIST_KEY_NSHumanReadableCopyright = "";
				INFOPLIST_KEY_NSMainStoryboardFile = Main;
				INFOPLIST_KEY_NSPrincipalClass = NSApplication;
				LD_RUNPATH_SEARCH_PATHS = (
					"$(inherited)",
					"@executable_path/../Frameworks",
				);
				MARKETING_VERSION = 1.0;
				PRODUCT_BUNDLE_IDENTIFIER = "Ilya-Baryko.DFT";
				PRODUCT_NAME = "$(TARGET_NAME)";
				SWIFT_EMIT_LOC_STRINGS = YES;
				SWIFT_VERSION = 5.0;
			};
			name = Debug;
		};
		CAED7A6B2709EF11004D7B02 /* Release */ = {
			isa = XCBuildConfiguration;
			baseConfigurationReference = 01BEFE04EAB415623E8799E9 /* Pods-DFT.release.xcconfig */;
			buildSettings = {
				ASSETCATALOG_COMPILER_APPICON_NAME = AppIcon;
				ASSETCATALOG_COMPILER_GLOBAL_ACCENT_COLOR_NAME = AccentColor;
				CODE_SIGN_ENTITLEMENTS = "DFT/Supporting Files/DFT.entitlements";
				CODE_SIGN_STYLE = Automatic;
				COMBINE_HIDPI_IMAGES = YES;
				CURRENT_PROJECT_VERSION = 1;
				DEVELOPMENT_TEAM = GX6R5HS8S3;
				ENABLE_HARDENED_RUNTIME = YES;
				GENERATE_INFOPLIST_FILE = YES;
				INFOPLIST_KEY_NSHumanReadableCopyright = "";
				INFOPLIST_KEY_NSMainStoryboardFile = Main;
				INFOPLIST_KEY_NSPrincipalClass = NSApplication;
				LD_RUNPATH_SEARCH_PATHS = (
					"$(inherited)",
					"@executable_path/../Frameworks",
				);
				MARKETING_VERSION = 1.0;
				PRODUCT_BUNDLE_IDENTIFIER = "Ilya-Baryko.DFT";
				PRODUCT_NAME = "$(TARGET_NAME)";
				SWIFT_EMIT_LOC_STRINGS = YES;
				SWIFT_VERSION = 5.0;
			};
			name = Release;
		};
/* End XCBuildConfiguration section */

/* Begin XCConfigurationList section */
		CAED7A552709EF10004D7B02 /* Build configuration list for PBXProject "DFT" */ = {
			isa = XCConfigurationList;
			buildConfigurations = (
				CAED7A672709EF11004D7B02 /* Debug */,
				CAED7A682709EF11004D7B02 /* Release */,
			);
			defaultConfigurationIsVisible = 0;
			defaultConfigurationName = Release;
		};
		CAED7A692709EF11004D7B02 /* Build configuration list for PBXNativeTarget "DFT" */ = {
			isa = XCConfigurationList;
			buildConfigurations = (
				CAED7A6A2709EF11004D7B02 /* Debug */,
				CAED7A6B2709EF11004D7B02 /* Release */,
			);
			defaultConfigurationIsVisible = 0;
			defaultConfigurationName = Release;
		};
/* End XCConfigurationList section */
	};
	rootObject = CAED7A522709EF10004D7B02 /* Project object */;
}
